
Microsoft Visual Studio Solution File, Format Version 12.00
# Visual Studio Version 17
VisualStudioVersion = 17.6.33815.320
MinimumVisualStudioVersion = 10.0.40219.1
Project("{FAE04EC0-301F-11D3-BF4B-00C04F79EFBC}") = "Vadit", "Vadit\Vadit.csproj", "{2E67A27D-307D-416F-941C-FA1CEE1A4008}"
EndProject
Global
	GlobalSection(SolutionConfigurationPlatforms) = preSolution
		Debug|Any CPU = Debug|Any CPU
		Release|Any CPU = Release|Any CPU
	EndGlobalSection
	GlobalSection(ProjectConfigurationPlatforms) = postSolution
		{2E67A27D-307D-416F-941C-FA1CEE1A4008}.Debug|Any CPU.ActiveCfg = Debug|Any CPU
		{2E67A27D-307D-416F-941C-FA1CEE1A4008}.Debug|Any CPU.Build.0 = Debug|Any CPU
		{2E67A27D-307D-416F-941C-FA1CEE1A4008}.Release|Any CPU.ActiveCfg = Release|Any CPU
		{2E67A27D-307D-416F-941C-FA1CEE1A4008}.Release|Any CPU.Build.0 = Release|Any CPU
	EndGlobalSection
	GlobalSection(SolutionProperties) = preSolution
		HideSolutionNode = FALSE
	EndGlobalSection
	GlobalSection(ExtensibilityGlobals) = postSolution
		SolutionGuid = {DFEE8186-D701-462F-AC71-AD5A534DF7EB}
	EndGlobalSection
EndGlobal
